
Microsoft Visual Studio Solution File, Format Version 12.00
# Visual Studio Version 16
VisualStudioVersion = 16.0.30804.86
MinimumVisualStudioVersion = 10.0.40219.1
Project("{9A19103F-16F7-4668-BE54-9A1E7A4F7556}") = "ReadandDisplayData", "ReadandDisplayData.csproj", "{D20D5F87-33F6-4F03-BBAC-3FBA078D7D7E}"
EndProject
Project("{9A19103F-16F7-4668-BE54-9A1E7A4F7556}") = "Common.Infrastructure", "..\Common.Infrastructure\Common.Infrastructure.csproj", "{A8618D69-507C-4BF3-900F-B2C57E716876}"
EndProject
Project("{9A19103F-16F7-4668-BE54-9A1E7A4F7556}") = "ReadData", "..\ReadData\ReadData.csproj", "{978580B5-2492-406E-8C8C-9451E4D349F6}"
EndProject
Project("{9A19103F-16F7-4668-BE54-9A1E7A4F7556}") = "Logging", "..\Logging\Logging.csproj", "{EFDFC34A-F661-4905-8DD0-76772C358465}"
EndProject
Project("{FAE04EC0-301F-11D3-BF4B-00C04F79EFBC}") = "FrontendReport", "..\FrontendReport\FrontendReport.csproj", "{4775D350-B9F4-4C56-A9ED-D73A6A2EF238}"
EndProject
Global
	GlobalSection(SolutionConfigurationPlatforms) = preSolution
		Debug|Any CPU = Debug|Any CPU
		Release|Any CPU = Release|Any CPU
	EndGlobalSection
	GlobalSection(ProjectConfigurationPlatforms) = postSolution
		{D20D5F87-33F6-4F03-BBAC-3FBA078D7D7E}.Debug|Any CPU.ActiveCfg = Debug|Any CPU
		{D20D5F87-33F6-4F03-BBAC-3FBA078D7D7E}.Debug|Any CPU.Build.0 = Debug|Any CPU
		{D20D5F87-33F6-4F03-BBAC-3FBA078D7D7E}.Release|Any CPU.ActiveCfg = Release|Any CPU
		{D20D5F87-33F6-4F03-BBAC-3FBA078D7D7E}.Release|Any CPU.Build.0 = Release|Any CPU
		{A8618D69-507C-4BF3-900F-B2C57E716876}.Debug|Any CPU.ActiveCfg = Debug|Any CPU
		{A8618D69-507C-4BF3-900F-B2C57E716876}.Debug|Any CPU.Build.0 = Debug|Any CPU
		{A8618D69-507C-4BF3-900F-B2C57E716876}.Release|Any CPU.ActiveCfg = Release|Any CPU
		{A8618D69-507C-4BF3-900F-B2C57E716876}.Release|Any CPU.Build.0 = Release|Any CPU
		{978580B5-2492-406E-8C8C-9451E4D349F6}.Debug|Any CPU.ActiveCfg = Debug|Any CPU
		{978580B5-2492-406E-8C8C-9451E4D349F6}.Debug|Any CPU.Build.0 = Debug|Any CPU
		{978580B5-2492-406E-8C8C-9451E4D349F6}.Release|Any CPU.ActiveCfg = Release|Any CPU
		{978580B5-2492-406E-8C8C-9451E4D349F6}.Release|Any CPU.Build.0 = Release|Any CPU
		{EFDFC34A-F661-4905-8DD0-76772C358465}.Debug|Any CPU.ActiveCfg = Debug|Any CPU
		{EFDFC34A-F661-4905-8DD0-76772C358465}.Debug|Any CPU.Build.0 = Debug|Any CPU
		{EFDFC34A-F661-4905-8DD0-76772C358465}.Release|Any CPU.ActiveCfg = Release|Any CPU
		{EFDFC34A-F661-4905-8DD0-76772C358465}.Release|Any CPU.Build.0 = Release|Any CPU
		{4775D350-B9F4-4C56-A9ED-D73A6A2EF238}.Debug|Any CPU.ActiveCfg = Debug|Any CPU
		{4775D350-B9F4-4C56-A9ED-D73A6A2EF238}.Debug|Any CPU.Build.0 = Debug|Any CPU
		{4775D350-B9F4-4C56-A9ED-D73A6A2EF238}.Release|Any CPU.ActiveCfg = Release|Any CPU
		{4775D350-B9F4-4C56-A9ED-D73A6A2EF238}.Release|Any CPU.Build.0 = Release|Any CPU
	EndGlobalSection
	GlobalSection(SolutionProperties) = preSolution
		HideSolutionNode = FALSE
	EndGlobalSection
	GlobalSection(ExtensibilityGlobals) = postSolution
		SolutionGuid = {4883B824-2F1C-496A-86DD-34708E626492}
	EndGlobalSection
EndGlobal
